
Microsoft Visual Studio Solution File, Format Version 12.00
# Visual Studio Version 16
VisualStudioVersion = 16.0.30523.141
MinimumVisualStudioVersion = 10.0.40219.1
Project("{FAE04EC0-301F-11D3-BF4B-00C04F79EFBC}") = "Blazor With DI and Looping Registration", "Blazor With DI and Looping Registration.csproj", "{CBCF3BA7-F0DE-4325-BDDE-4152BC4061AD}"
EndProject
Global
	GlobalSection(SolutionConfigurationPlatforms) = preSolution
		Debug|Any CPU = Debug|Any CPU
		Release|Any CPU = Release|Any CPU
	EndGlobalSection
	GlobalSection(ProjectConfigurationPlatforms) = postSolution
		{CBCF3BA7-F0DE-4325-BDDE-4152BC4061AD}.Debug|Any CPU.ActiveCfg = Debug|Any CPU
		{CBCF3BA7-F0DE-4325-BDDE-4152BC4061AD}.Debug|Any CPU.Build.0 = Debug|Any CPU
		{CBCF3BA7-F0DE-4325-BDDE-4152BC4061AD}.Release|Any CPU.ActiveCfg = Release|Any CPU
		{CBCF3BA7-F0DE-4325-BDDE-4152BC4061AD}.Release|Any CPU.Build.0 = Release|Any CPU
	EndGlobalSection
	GlobalSection(SolutionProperties) = preSolution
		HideSolutionNode = FALSE
	EndGlobalSection
	GlobalSection(ExtensibilityGlobals) = postSolution
		SolutionGuid = {CEDFEB0F-C09C-42A2-851B-D3CDF9690DED}
	EndGlobalSection
EndGlobal
